
Microsoft Visual Studio Solution File, Format Version 12.00
# Visual Studio 15
VisualStudioVersion = 15.0.28307.489
MinimumVisualStudioVersion = 10.0.40219.1
Project("{FAE04EC0-301F-11D3-BF4B-00C04F79EFBC}") = "SitioWEB", "SitioWEB\SitioWEB.csproj", "{5416A01F-B0F7-467D-8ECF-0032115E779A}"
EndProject
Global
	GlobalSection(SolutionConfigurationPlatforms) = preSolution
		Debug|Any CPU = Debug|Any CPU
		Release|Any CPU = Release|Any CPU
	EndGlobalSection
	GlobalSection(ProjectConfigurationPlatforms) = postSolution
		{5416A01F-B0F7-467D-8ECF-0032115E779A}.Debug|Any CPU.ActiveCfg = Debug|Any CPU
		{5416A01F-B0F7-467D-8ECF-0032115E779A}.Debug|Any CPU.Build.0 = Debug|Any CPU
		{5416A01F-B0F7-467D-8ECF-0032115E779A}.Release|Any CPU.ActiveCfg = Release|Any CPU
		{5416A01F-B0F7-467D-8ECF-0032115E779A}.Release|Any CPU.Build.0 = Release|Any CPU
	EndGlobalSection
	GlobalSection(SolutionProperties) = preSolution
		HideSolutionNode = FALSE
	EndGlobalSection
	GlobalSection(ExtensibilityGlobals) = postSolution
		SolutionGuid = {FEAFB51E-4EEE-4673-A298-C98C53D30201}
	EndGlobalSection
EndGlobal
